{
  "name": "mindmap-core",
  "version": "0.0.0",
  "lockfileVersion": 1,
  "requires": true,
  "dependencies": {
    "@antv/dom-util": {
      "version": "2.0.2",
      "resolved": "https://registry.npm.taobao.org/@antv/dom-util/download/@antv/dom-util-2.0.2.tgz",
      "integrity": "sha1-THsKGV4CflVXBDWmglzsVt+wtZA=",
      "requires": {
        "tslib": "^1.10.0"
      }
    },
    "@antv/event-emitter": {
      "version": "0.1.2",
      "resolved": "https://registry.npm.taobao.org/@antv/event-emitter/download/@antv/event-emitter-0.1.2.tgz?cache=0&sync_timestamp=1585742218236&other_urls=https%3A%2F%2Fregistry.npm.taobao.org%2F%40antv%2Fevent-emitter%2Fdownload%2F%40antv%2Fevent-emitter-0.1.2.tgz",
      "integrity": "sha1-oXt8uG5tBxiA3Gv7IydW+IYk7Lw="
    },
    "@antv/g-base": {
      "version": "0.4.7",
      "resolved": "https://registry.npm.taobao.org/@antv/g-base/download/@antv/g-base-0.4.7.tgz?cache=0&sync_timestamp=1589277759778&other_urls=https%3A%2F%2Fregistry.npm.taobao.org%2F%40antv%2Fg-base%2Fdownload%2F%40antv%2Fg-base-0.4.7.tgz",
      "integrity": "sha1-dpj8TIyzgfK3iaMPvrJrHojEgZY=",
      "requires": {
        "@antv/event-emitter": "^0.1.1",
        "@antv/g-math": "^0.1.3",
        "@antv/matrix-util": "^3.1.0-beta.1",
        "@antv/path-util": "~2.0.5",
        "@antv/util": "~2.0.0",
        "@types/d3-timer": "^1.0.9",
        "d3-ease": "^1.0.5",
        "d3-interpolate": "^1.3.2",
        "d3-timer": "^1.0.9",
        "detect-browser": "^5.1.0"
      },
      "dependencies": {
        "@antv/matrix-util": {
          "version": "3.1.0-beta.2",
          "resolved": "https://registry.npm.taobao.org/@antv/matrix-util/download/@antv/matrix-util-3.1.0-beta.2.tgz",
          "integrity": "sha1-tK+vtw299Sr/yjCNNUbIoJD9I8o=",
          "requires": {
            "@antv/util": "^2.0.9",
            "gl-matrix": "^3.3.0",
            "tslib": "^1.10.0"
          }
        }
      }
    },
    "@antv/g-canvas": {
      "version": "0.4.13",
      "resolved": "https://registry.npm.taobao.org/@antv/g-canvas/download/@antv/g-canvas-0.4.13.tgz",
      "integrity": "sha1-xl3NUFNd0CjNWYOnBxVr5CxXRJY=",
      "requires": {
        "@antv/g-base": "^0.4.7",
        "@antv/g-math": "^0.1.3",
        "@antv/path-util": "~2.0.5",
        "@antv/util": "~2.0.0",
        "gl-matrix": "^3.0.0"
      }
    },
    "@antv/g-math": {
      "version": "0.1.3",
      "resolved": "https://registry.npm.taobao.org/@antv/g-math/download/@antv/g-math-0.1.3.tgz",
      "integrity": "sha1-iSL0S+90MUZAtZH1NYPBIXtxXA8=",
      "requires": {
        "@antv/util": "~2.0.0",
        "gl-matrix": "^3.0.0"
      }
    },
    "@antv/g-svg": {
      "version": "0.4.7",
      "resolved": "https://registry.npm.taobao.org/@antv/g-svg/download/@antv/g-svg-0.4.7.tgz",
      "integrity": "sha1-DWXh2zTm3+YJqts+3fR0jbAvCwE=",
      "requires": {
        "@antv/g-base": "^0.4.7",
        "@antv/g-math": "^0.1.3",
        "@antv/util": "~2.0.0",
        "detect-browser": "^4.6.0"
      },
      "dependencies": {
        "detect-browser": {
          "version": "4.8.0",
          "resolved": "https://registry.npm.taobao.org/detect-browser/download/detect-browser-4.8.0.tgz",
          "integrity": "sha1-HXO9iMF76GaQGVDOCqrh7QYJAsY="
        }
      }
    },
    "@antv/g6": {
      "version": "3.5.3",
      "resolved": "https://registry.npm.taobao.org/@antv/g6/download/@antv/g6-3.5.3.tgz?cache=0&sync_timestamp=1591773872274&other_urls=https%3A%2F%2Fregistry.npm.taobao.org%2F%40antv%2Fg6%2Fdownload%2F%40antv%2Fg6-3.5.3.tgz",
      "integrity": "sha1-z2wnozHsOhW/FzzcyHiN6IS2qkU=",
      "requires": {
        "@antv/dom-util": "^2.0.1",
        "@antv/event-emitter": "~0.1.0",
        "@antv/g-base": "^0.4.1",
        "@antv/g-canvas": "^0.4.3",
        "@antv/g-math": "^0.1.1",
        "@antv/g-svg": "^0.4.1",
        "@antv/hierarchy": "^0.6.2",
        "@antv/matrix-util": "^2.0.4",
        "@antv/path-util": "^2.0.3",
        "@antv/scale": "^0.3.1",
        "@antv/util": "~2.0.5",
        "d3-force": "^2.0.1",
        "dagre": "^0.8.5",
        "lodash": "^4.17.15",
        "ml-matrix": "^6.5.0"
      }
    },
    "@antv/gl-matrix": {
      "version": "2.7.1",
      "resolved": "https://registry.npm.taobao.org/@antv/gl-matrix/download/@antv/gl-matrix-2.7.1.tgz",
      "integrity": "sha1-rLjjf3qz3wE0WrpDcteUK+QuuhQ="
    },
    "@antv/hierarchy": {
      "version": "0.6.3",
      "resolved": "https://registry.npm.taobao.org/@antv/hierarchy/download/@antv/hierarchy-0.6.3.tgz",
      "integrity": "sha1-X6XaieM0Mcbnae4g16ORzIHE/pU=",
      "requires": {
        "@antv/util": "^2.0.7"
      }
    },
    "@antv/matrix-util": {
      "version": "2.0.7",
      "resolved": "https://registry.npm.taobao.org/@antv/matrix-util/download/@antv/matrix-util-2.0.7.tgz",
      "integrity": "sha1-pRkFmdQkwVGKG16zpUgnHX6Y/EQ=",
      "requires": {
        "@antv/gl-matrix": "^2.7.1",
        "@antv/util": "^2.0.7",
        "tslib": "^1.10.0"
      }
    },
    "@antv/path-util": {
      "version": "2.0.8",
      "resolved": "https://registry.npm.taobao.org/@antv/path-util/download/@antv/path-util-2.0.8.tgz?cache=0&sync_timestamp=1588818416429&other_urls=https%3A%2F%2Fregistry.npm.taobao.org%2F%40antv%2Fpath-util%2Fdownload%2F%40antv%2Fpath-util-2.0.8.tgz",
      "integrity": "sha1-m8VNK3GYqtmIqcxKbekFTyaRm4Q=",
      "requires": {
        "@antv/util": "^2.0.9",
        "tslib": "^1.10.0"
      }
    },
    "@antv/scale": {
      "version": "0.3.1",
      "resolved": "https://registry.npm.taobao.org/@antv/scale/download/@antv/scale-0.3.1.tgz",
      "integrity": "sha1-8QiFgnXKjCfXrz6zdXq3PyY2KZw=",
      "requires": {
        "@antv/util": "~2.0.3",
        "fecha": "~3.0.3",
        "tslib": "^1.10.0"
      }
    },
    "@antv/util": {
      "version": "2.0.9",
      "resolved": "https://registry.npm.taobao.org/@antv/util/download/@antv/util-2.0.9.tgz?cache=0&sync_timestamp=1588818569113&other_urls=https%3A%2F%2Fregistry.npm.taobao.org%2F%40antv%2Futil%2Fdownload%2F%40antv%2Futil-2.0.9.tgz",
      "integrity": "sha1-vT4pajkuEfvieB/eOdjnC6HFPtA=",
      "requires": {
        "tslib": "^1.10.0"
      }
    },
    "@types/d3-timer": {
      "version": "1.0.9",
      "resolved": "https://registry.npm.taobao.org/@types/d3-timer/download/@types/d3-timer-1.0.9.tgz?cache=0&sync_timestamp=1588200792956&other_urls=https%3A%2F%2Fregistry.npm.taobao.org%2F%40types%2Fd3-timer%2Fdownload%2F%40types%2Fd3-timer-1.0.9.tgz",
      "integrity": "sha1-rtG94M8Ykg0z9dRIOdc945NjP9M="
    },
    "@types/jszip": {
      "version": "3.4.1",
      "resolved": "https://registry.npmjs.org/@types/jszip/-/jszip-3.4.1.tgz",
      "integrity": "sha512-TezXjmf3lj+zQ651r6hPqvSScqBLvyPI9FxdXBqpEwBijNGQ2NXpaFW/7joGzveYkKQUil7iiDHLo6LV71Pc0A==",
      "dev": true,
      "requires": {
        "jszip": "*"
      }
    },
    "@types/lodash": {
      "version": "4.14.155",
      "resolved": "https://registry.npmjs.org/@types/lodash/-/lodash-4.14.155.tgz",
      "integrity": "sha512-vEcX7S7aPhsBCivxMwAANQburHBtfN9RdyXFk84IJmu2Z4Hkg1tOFgaslRiEqqvoLtbCBi6ika1EMspE+NZ9Lg==",
      "dev": true
    },
    "@types/lodash.difference": {
      "version": "4.5.6",
      "resolved": "https://registry.npmjs.org/@types/lodash.difference/-/lodash.difference-4.5.6.tgz",
      "integrity": "sha512-wXH53r+uoUCrKhmh7S5Gf6zo3vpsx/zH2R4pvkmDlmopmMTCROAUXDpPMXATGCWkCjE6ik3VZzZUxBgMjZho9Q==",
      "dev": true,
      "requires": {
        "@types/lodash": "*"
      }
    },
    "@types/lodash.map": {
      "version": "4.6.13",
      "resolved": "https://registry.npmjs.org/@types/lodash.map/-/lodash.map-4.6.13.tgz",
      "integrity": "sha512-kppRBzlpuvQQsr7R2nv/DDDZds8fglRFNAK70WUOkOC18KOcuQ22oQF9Kgy5Z2v/eDNkBm0ltrT6FThSkuWwow==",
      "dev": true,
      "requires": {
        "@types/lodash": "*"
      }
    },
    "@types/lodash.sortby": {
      "version": "4.7.6",
      "resolved": "https://registry.npmjs.org/@types/lodash.sortby/-/lodash.sortby-4.7.6.tgz",
      "integrity": "sha512-EnvAOmKvEg7gdYpYrS6+fVFPw5dL9rBnJi3vcKI7wqWQcLJVF/KRXK9dH29HjGNVvFUj0s9prRP3J8jEGnGKDw==",
      "dev": true,
      "requires": {
        "@types/lodash": "*"
      }
    },
    "@types/lodash.throttle": {
      "version": "4.1.6",
      "resolved": "https://registry.npmjs.org/@types/lodash.throttle/-/lodash.throttle-4.1.6.tgz",
      "integrity": "sha512-/UIH96i/sIRYGC60NoY72jGkCJtFN5KVPhEMMMTjol65effe1gPn0tycJqV5tlSwMTzX8FqzB5yAj0rfGHTPNg==",
      "dev": true,
      "requires": {
        "@types/lodash": "*"
      }
    },
    "ajv": {
      "version": "6.12.2",
      "resolved": "https://registry.npmjs.org/ajv/-/ajv-6.12.2.tgz",
      "integrity": "sha512-k+V+hzjm5q/Mr8ef/1Y9goCmlsK4I6Sm74teeyGvFk1XrOsbsKLjEdrvny42CZ+a8sXbk8KWpY/bDwS+FLL2UQ==",
      "requires": {
        "fast-deep-equal": "^3.1.1",
        "fast-json-stable-stringify": "^2.0.0",
        "json-schema-traverse": "^0.4.1",
        "uri-js": "^4.2.2"
      }
    },
    "clipboard-copy": {
      "version": "3.1.0",
      "resolved": "https://registry.npmjs.org/clipboard-copy/-/clipboard-copy-3.1.0.tgz",
      "integrity": "sha512-Xsu1NddBXB89IUauda5BIq3Zq73UWkjkaQlPQbLNvNsd5WBMnTWPNKYR6HGaySOxGYZ+BKxP2E9X4ElnI3yiPA=="
    },
    "core-util-is": {
      "version": "1.0.2",
      "resolved": "https://registry.npmjs.org/core-util-is/-/core-util-is-1.0.2.tgz",
      "integrity": "sha1-tf1UIgqivFq1eqtxQMlAdUUDwac="
    },
    "d3-color": {
      "version": "1.4.1",
      "resolved": "https://registry.npm.taobao.org/d3-color/download/d3-color-1.4.1.tgz",
      "integrity": "sha1-xSACv4hGraRCTVXZeYL+8m6zvIo="
    },
    "d3-dispatch": {
      "version": "1.0.6",
      "resolved": "https://registry.npm.taobao.org/d3-dispatch/download/d3-dispatch-1.0.6.tgz",
      "integrity": "sha1-ANN7zuTdjNl3Kd2JOgrCnKq6XVg="
    },
    "d3-ease": {
      "version": "1.0.6",
      "resolved": "https://registry.npm.taobao.org/d3-ease/download/d3-ease-1.0.6.tgz",
      "integrity": "sha1-69ttoi36wKIiIvLU2gb2bEFqDsA="
    },
    "d3-force": {
      "version": "2.0.1",
      "resolved": "https://registry.npm.taobao.org/d3-force/download/d3-force-2.0.1.tgz",
      "integrity": "sha1-MXUO7oxDU1MB1XEZW/loO+2lNOI=",
      "requires": {
        "d3-dispatch": "1",
        "d3-quadtree": "1",
        "d3-timer": "1"
      }
    },
    "d3-interpolate": {
      "version": "1.4.0",
      "resolved": "https://registry.npm.taobao.org/d3-interpolate/download/d3-interpolate-1.4.0.tgz",
      "integrity": "sha1-Um554tgNqjg/ngwcHH3MDwWD6Yc=",
      "requires": {
        "d3-color": "1"
      }
    },
    "d3-quadtree": {
      "version": "1.0.7",
      "resolved": "https://registry.npm.taobao.org/d3-quadtree/download/d3-quadtree-1.0.7.tgz",
      "integrity": "sha1-youE33u1N2P+PC8kvUNRN/TlMTU="
    },
    "d3-timer": {
      "version": "1.0.10",
      "resolved": "https://registry.npm.taobao.org/d3-timer/download/d3-timer-1.0.10.tgz",
      "integrity": "sha1-3+dripF0iDGxO22ceT/71QjdneU="
    },
    "dagre": {
      "version": "0.8.5",
      "resolved": "https://registry.npm.taobao.org/dagre/download/dagre-0.8.5.tgz",
      "integrity": "sha1-ujCwBV2sErbB/MJHgXRCd30Gr+4=",
      "requires": {
        "graphlib": "^2.1.8",
        "lodash": "^4.17.15"
      }
    },
    "debug": {
      "version": "4.1.1",
      "resolved": "https://registry.npmjs.org/debug/-/debug-4.1.1.tgz",
      "integrity": "sha512-pYAIzeRo8J6KPEaJ0VWOh5Pzkbw/RetuzehGM7QRRX5he4fPHx2rdKMB256ehJCkX+XRQm16eZLqLNS8RSZXZw==",
      "requires": {
        "ms": "^2.1.1"
      }
    },
    "detect-browser": {
      "version": "5.1.0",
      "resolved": "https://registry.npm.taobao.org/detect-browser/download/detect-browser-5.1.0.tgz",
      "integrity": "sha1-DFHGa3R62PmKaDK/MCalojp4UP8="
    },
    "fast-deep-equal": {
      "version": "3.1.3",
      "resolved": "https://registry.npmjs.org/fast-deep-equal/-/fast-deep-equal-3.1.3.tgz",
      "integrity": "sha512-f3qQ9oQy9j2AhBe/H9VC91wLmKBCCU/gDOnKNAYG5hswO7BLKj09Hc5HYNz9cGI++xlpDCIgDaitVs03ATR84Q=="
    },
    "fast-json-stable-stringify": {
      "version": "2.1.0",
      "resolved": "https://registry.npmjs.org/fast-json-stable-stringify/-/fast-json-stable-stringify-2.1.0.tgz",
      "integrity": "sha512-lhd/wF+Lk98HZoTCtlVraHtfh5XYijIjalXck7saUtuanSDyLMxnHhSXEDJqHxD7msR8D0uCmqlkwjCV8xvwHw=="
    },
    "fecha": {
      "version": "3.0.3",
      "resolved": "https://registry.npm.taobao.org/fecha/download/fecha-3.0.3.tgz",
      "integrity": "sha1-+rvUFkl2SaQsJNNL+nJrV5IDoeI="
    },
    "gl-matrix": {
      "version": "3.3.0",
      "resolved": "https://registry.npm.taobao.org/gl-matrix/download/gl-matrix-3.3.0.tgz?cache=0&other_urls=https%3A%2F%2Fregistry.npm.taobao.org%2Fgl-matrix%2Fdownload%2Fgl-matrix-3.3.0.tgz",
      "integrity": "sha1-Iy7vYLHIswooy751ssr2xI/WNYs="
    },
    "graphlib": {
      "version": "2.1.8",
      "resolved": "https://registry.npm.taobao.org/graphlib/download/graphlib-2.1.8.tgz?cache=0&other_urls=https%3A%2F%2Fregistry.npm.taobao.org%2Fgraphlib%2Fdownload%2Fgraphlib-2.1.8.tgz",
      "integrity": "sha1-V2HUFHN4cAhMkux7XbywWSydNdo=",
      "requires": {
        "lodash": "^4.17.15"
      }
    },
    "immediate": {
      "version": "3.0.6",
      "resolved": "https://registry.npmjs.org/immediate/-/immediate-3.0.6.tgz",
      "integrity": "sha1-nbHb0Pr43m++D13V5Wu2BigN5ps="
    },
    "inherits": {
      "version": "2.0.4",
      "resolved": "https://registry.npmjs.org/inherits/-/inherits-2.0.4.tgz",
      "integrity": "sha512-k/vGaX4/Yla3WzyMCvTQOXYeIHvqOKtnqBduzTHpzpQZzAskKMhZ2K+EnBiSM9zGSoIFeMpXKxa4dYeZIQqewQ=="
    },
    "is-any-array": {
      "version": "0.0.3",
      "resolved": "https://registry.npm.taobao.org/is-any-array/download/is-any-array-0.0.3.tgz",
      "integrity": "sha1-y92McYnUe1OwUJaSRfTvflVVC5s="
    },
    "isarray": {
      "version": "1.0.0",
      "resolved": "https://registry.npmjs.org/isarray/-/isarray-1.0.0.tgz",
      "integrity": "sha1-u5NdSFgsuhaMBoNJV6VKPgcSTxE="
    },
    "json-schema-traverse": {
      "version": "0.4.1",
      "resolved": "https://registry.npmjs.org/json-schema-traverse/-/json-schema-traverse-0.4.1.tgz",
      "integrity": "sha512-xbbCH5dCYU5T8LcEhhuh7HJ88HXuW3qsI3Y0zOZFKfZEHcpWiHU/Jxzk629Brsab/mMiHQti9wMP+845RPe3Vg=="
    },
    "jszip": {
      "version": "3.4.0",
      "resolved": "https://registry.npmjs.org/jszip/-/jszip-3.4.0.tgz",
      "integrity": "sha512-gZAOYuPl4EhPTXT0GjhI3o+ZAz3su6EhLrKUoAivcKqyqC7laS5JEv4XWZND9BgcDcF83vI85yGbDmDR6UhrIg==",
      "requires": {
        "lie": "~3.3.0",
        "pako": "~1.0.2",
        "readable-stream": "~2.3.6",
        "set-immediate-shim": "~1.0.1"
      }
    },
    "lie": {
      "version": "3.3.0",
      "resolved": "https://registry.npmjs.org/lie/-/lie-3.3.0.tgz",
      "integrity": "sha512-UaiMJzeWRlEujzAuw5LokY1L5ecNQYZKfmyZ9L7wDHb/p5etKaxXhohBcrw0EYby+G/NA52vRSN4N39dxHAIwQ==",
      "requires": {
        "immediate": "~3.0.5"
      }
    },
    "lodash": {
      "version": "4.17.15",
      "resolved": "https://registry.npm.taobao.org/lodash/download/lodash-4.17.15.tgz",
      "integrity": "sha1-tEf2ZwoEVbv+7dETku/zMOoJdUg="
    },
    "lodash.difference": {
      "version": "4.5.0",
      "resolved": "https://registry.npmjs.org/lodash.difference/-/lodash.difference-4.5.0.tgz",
      "integrity": "sha1-nMtOUF1Ia5FlE0V3KIWi3yf9AXw="
    },
    "lodash.map": {
      "version": "4.6.0",
      "resolved": "https://registry.npmjs.org/lodash.map/-/lodash.map-4.6.0.tgz",
      "integrity": "sha1-dx7Hg540c9nEzeKLGTlMNWL09tM="
    },
    "lodash.sortby": {
      "version": "4.7.0",
      "resolved": "https://registry.npmjs.org/lodash.sortby/-/lodash.sortby-4.7.0.tgz",
      "integrity": "sha1-7dFMgk4sycHgsKG0K7UhBRakJDg="
    },
    "lodash.throttle": {
      "version": "4.1.1",
      "resolved": "https://registry.npmjs.org/lodash.throttle/-/lodash.throttle-4.1.1.tgz",
      "integrity": "sha1-wj6RtxAkKscMN/HhzaknTMOb8vQ="
    },
    "ml-array-max": {
      "version": "1.1.2",
      "resolved": "https://registry.npm.taobao.org/ml-array-max/download/ml-array-max-1.1.2.tgz",
      "integrity": "sha1-rBSklU69ufQBd0zBVy/OQ54S+U0=",
      "requires": {
        "is-any-array": "^0.0.3"
      }
    },
    "ml-array-min": {
      "version": "1.1.2",
      "resolved": "https://registry.npm.taobao.org/ml-array-min/download/ml-array-min-1.1.2.tgz",
      "integrity": "sha1-oIQ3D+eJmKQTHVZtBm7gG8zOJTo=",
      "requires": {
        "is-any-array": "^0.0.3"
      }
    },
    "ml-array-rescale": {
      "version": "1.3.1",
      "resolved": "https://registry.npm.taobao.org/ml-array-rescale/download/ml-array-rescale-1.3.1.tgz",
      "integrity": "sha1-flWHGvh0HSEuK0e4rNVVcZNsgis=",
      "requires": {
        "is-any-array": "^0.0.3",
        "ml-array-max": "^1.1.2",
        "ml-array-min": "^1.1.2"
      }
    },
    "ml-matrix": {
      "version": "6.5.0",
      "resolved": "https://registry.npm.taobao.org/ml-matrix/download/ml-matrix-6.5.0.tgz",
      "integrity": "sha1-Pzu8VKaUoKz2f+t6dQqQOsJo1yw=",
      "requires": {
        "ml-array-rescale": "^1.3.1"
      }
    },
    "ms": {
      "version": "2.1.2",
      "resolved": "https://registry.npmjs.org/ms/-/ms-2.1.2.tgz",
      "integrity": "sha512-sGkPx+VjMtmA6MX27oA4FBFELFCZZ4S4XqeGOXCv68tT+jb3vk/RyaKWP0PTKyWtmLSM0b+adUTEvbs1PEaH2w=="
    },
    "pako": {
      "version": "1.0.11",
      "resolved": "https://registry.npmjs.org/pako/-/pako-1.0.11.tgz",
      "integrity": "sha512-4hLB8Py4zZce5s4yd9XzopqwVv/yGNhV1Bl8NTmCq1763HeK2+EwVTv+leGeL13Dnh2wfbqowVPXCIO0z4taYw=="
    },
    "process-nextick-args": {
      "version": "2.0.1",
      "resolved": "https://registry.npmjs.org/process-nextick-args/-/process-nextick-args-2.0.1.tgz",
      "integrity": "sha512-3ouUOpQhtgrbOa17J7+uxOTpITYWaGP7/AhoR3+A+/1e9skrzelGi/dXzEYyvbxubEF6Wn2ypscTKiKJFFn1ag=="
    },
    "punycode": {
      "version": "2.1.1",
      "resolved": "https://registry.npmjs.org/punycode/-/punycode-2.1.1.tgz",
      "integrity": "sha512-XRsRjdf+j5ml+y/6GKHPZbrF/8p2Yga0JPtdqTIY2Xe5ohJPD9saDJJLPvp9+NSBprVvevdXZybnj2cv8OEd0A=="
    },
    "readable-stream": {
      "version": "2.3.7",
      "resolved": "https://registry.npmjs.org/readable-stream/-/readable-stream-2.3.7.tgz",
      "integrity": "sha512-Ebho8K4jIbHAxnuxi7o42OrZgF/ZTNcsZj6nRKyUmkhLFq8CHItp/fy6hQZuZmP/n3yZ9VBUbp4zz/mX8hmYPw==",
      "requires": {
        "core-util-is": "~1.0.0",
        "inherits": "~2.0.3",
        "isarray": "~1.0.0",
        "process-nextick-args": "~2.0.0",
        "safe-buffer": "~5.1.1",
        "string_decoder": "~1.1.1",
        "util-deprecate": "~1.0.1"
      }
    },
    "safe-buffer": {
      "version": "5.1.2",
      "resolved": "https://registry.npmjs.org/safe-buffer/-/safe-buffer-5.1.2.tgz",
      "integrity": "sha512-Gd2UZBJDkXlY7GbJxfsE8/nvKkUEU1G38c1siN6QP6a9PT9MmHB8GnpscSmMJSoF8LOIrt8ud/wPtojys4G6+g=="
    },
    "set-immediate-shim": {
      "version": "1.0.1",
      "resolved": "https://registry.npmjs.org/set-immediate-shim/-/set-immediate-shim-1.0.1.tgz",
      "integrity": "sha1-SysbJ+uAip+NzEgaWOXlb1mfP2E="
    },
    "string_decoder": {
      "version": "1.1.1",
      "resolved": "https://registry.npmjs.org/string_decoder/-/string_decoder-1.1.1.tgz",
      "integrity": "sha512-n/ShnvDi6FHbbVfviro+WojiFzv+s8MPMHBczVePfUpDJLwoLT0ht1l4YwBCbi8pJAveEEdnkHyPyTP/mzRfwg==",
      "requires": {
        "safe-buffer": "~5.1.0"
      }
    },
    "tslib": {
      "version": "1.13.0",
      "resolved": "https://registry.npm.taobao.org/tslib/download/tslib-1.13.0.tgz",
      "integrity": "sha1-yIHhPMcBWJTtkUhi0nZDb6mkcEM="
    },
    "uri-js": {
      "version": "4.2.2",
      "resolved": "https://registry.npmjs.org/uri-js/-/uri-js-4.2.2.tgz",
      "integrity": "sha512-KY9Frmirql91X2Qgjry0Wd4Y+YTdrdZheS8TFwvkbLWf/G5KNJDCh6pKL5OZctEW4+0Baa5idK2ZQuELRwPznQ==",
      "requires": {
        "punycode": "^2.1.0"
      }
    },
    "util-deprecate": {
      "version": "1.0.2",
      "resolved": "https://registry.npmjs.org/util-deprecate/-/util-deprecate-1.0.2.tgz",
      "integrity": "sha1-RQ1Nyfpw3nMnYvvS1KKJgUGaDM8="
    },
    "uuid": {
      "version": "3.4.0",
      "resolved": "https://registry.npmjs.org/uuid/-/uuid-3.4.0.tgz",
      "integrity": "sha512-HjSDRw6gZE5JMggctHBcjVak08+KEVhSIiDzFnT9S9aegmp85S/bReBVTb4QTFaRNptJ9kuYaNhnbNEOkbKb/A=="
    },
    "xmind": {
      "version": "2.2.0",
      "resolved": "https://registry.npmjs.org/xmind/-/xmind-2.2.0.tgz",
      "integrity": "sha512-Rl8qzYYkXx1pp6CjsV7B3o1Bx1BT5M9RPFzKfAQz0ofcDQFZy8FAFxRxropSJiEaF118hUP5fxOOmGWjhapx+w==",
      "requires": {
        "ajv": "^6.10.0",
        "debug": "^4.1.1",
        "jszip": "^3.2.1",
        "uuid": "^3.3.2",
        "xmind-model": "^1.1.8"
      }
    },
    "xmind-model": {
      "version": "1.1.11",
      "resolved": "https://registry.npmjs.org/xmind-model/-/xmind-model-1.1.11.tgz",
      "integrity": "sha512-GBH3xJNOVazGIijPaLqa8kB2WXKy/AwvGTsJUubM7NKYEjcrnxURxdM5lBJOJAV9hSJ/5ctHe/3YXrjefwKECw==",
      "requires": {
        "ajv": "^6.10.0"
      }
    }
  }
}
